
Microsoft Visual Studio Solution File, Format Version 12.00
# Visual Studio Version 17
VisualStudioVersion = 17.0.31903.59
MinimumVisualStudioVersion = 10.0.40219.1
Project("{2150E333-8FDC-42A3-9474-1A3956D46DE8}") = "src", "src", "{827E0CD3-B72D-47B6-A68D-7590B98EB39B}"
EndProject
Project("{2150E333-8FDC-42A3-9474-1A3956D46DE8}") = "Core", "Core", "{8D626EA8-CB54-BC41-363A-217881BEBA6E}"
EndProject
Project("{FAE04EC0-301F-11D3-BF4B-00C04F79EFBC}") = "KeysRace.Domain", "src\Core\KeysRace.Domain\KeysRace.Domain.csproj", "{3229A54F-7C63-4604-A6C2-FF886C7A8016}"
EndProject
Project("{2150E333-8FDC-42A3-9474-1A3956D46DE8}") = "Application", "Application", "{22BAF98C-8415-17C4-B26A-D537657BC863}"
EndProject
Project("{FAE04EC0-301F-11D3-BF4B-00C04F79EFBC}") = "KeysRace.Application", "src\Application\KeysRace.Application\KeysRace.Application.csproj", "{9F11FFA7-4DCA-4542-AB54-B9F0A79685DD}"
EndProject
Project("{2150E333-8FDC-42A3-9474-1A3956D46DE8}") = "Infrastructure", "Infrastructure", "{9048EB7F-3875-A59E-E36B-5BD4C6F2A282}"
EndProject
Project("{FAE04EC0-301F-11D3-BF4B-00C04F79EFBC}") = "KeysRace.Infrastructure", "src\Infrastructure\KeysRace.Infrastructure\KeysRace.Infrastructure.csproj", "{9520C91D-FD68-473A-82D9-4A3DD8515FA1}"
EndProject
Project("{2150E333-8FDC-42A3-9474-1A3956D46DE8}") = "Grains", "Grains", "{12958DD6-AD59-4622-EA40-01B71B361BC8}"
EndProject
Project("{FAE04EC0-301F-11D3-BF4B-00C04F79EFBC}") = "KeysRace.Grains.Interfaces", "src\Grains\KeysRace.Grains.Interfaces\KeysRace.Grains.Interfaces.csproj", "{DA9AFAE0-FE85-4E14-A439-A47CC8B8CF1E}"
EndProject
Project("{FAE04EC0-301F-11D3-BF4B-00C04F79EFBC}") = "KeysRace.Grains", "src\Grains\KeysRace.Grains\KeysRace.Grains.csproj", "{BDD6AB82-13B3-4EC1-9EBB-4421D9C0DE87}"
EndProject
Project("{2150E333-8FDC-42A3-9474-1A3956D46DE8}") = "Presentation", "Presentation", "{6996BBF7-DB31-59BC-C7DD-9A7CCC6138C4}"
EndProject
Project("{FAE04EC0-301F-11D3-BF4B-00C04F79EFBC}") = "KeysRace.Api", "src\Presentation\KeysRace.Api\KeysRace.Api.csproj", "{5E2217E3-EA6E-46CE-9081-FD6FFE1D46C4}"
EndProject
Project("{2150E333-8FDC-42A3-9474-1A3956D46DE8}") = "tests", "tests", "{0AB3BF05-4346-4AA6-1389-037BE0695223}"
EndProject
Project("{FAE04EC0-301F-11D3-BF4B-00C04F79EFBC}") = "KeysRace.Domain.Tests", "tests\KeysRace.Domain.Tests\KeysRace.Domain.Tests.csproj", "{3F19A53D-A27A-4A5C-90C1-D1173FF1454D}"
EndProject
Project("{FAE04EC0-301F-11D3-BF4B-00C04F79EFBC}") = "KeysRace.Application.Tests", "tests\KeysRace.Application.Tests\KeysRace.Application.Tests.csproj", "{2A080472-A380-45BB-A713-5BB266387465}"
EndProject
Project("{FAE04EC0-301F-11D3-BF4B-00C04F79EFBC}") = "KeysRace.Api.Tests", "tests\KeysRace.Api.Tests\KeysRace.Api.Tests.csproj", "{D06D301F-A719-4D76-ABDC-EB42FAE9B2CF}"
EndProject
Global
	GlobalSection(SolutionConfigurationPlatforms) = preSolution
		Debug|Any CPU = Debug|Any CPU
		Debug|x64 = Debug|x64
		Debug|x86 = Debug|x86
		Release|Any CPU = Release|Any CPU
		Release|x64 = Release|x64
		Release|x86 = Release|x86
	EndGlobalSection
	GlobalSection(ProjectConfigurationPlatforms) = postSolution
		{3229A54F-7C63-4604-A6C2-FF886C7A8016}.Debug|Any CPU.ActiveCfg = Debug|Any CPU
		{3229A54F-7C63-4604-A6C2-FF886C7A8016}.Debug|Any CPU.Build.0 = Debug|Any CPU
		{3229A54F-7C63-4604-A6C2-FF886C7A8016}.Debug|x64.ActiveCfg = Debug|Any CPU
		{3229A54F-7C63-4604-A6C2-FF886C7A8016}.Debug|x64.Build.0 = Debug|Any CPU
		{3229A54F-7C63-4604-A6C2-FF886C7A8016}.Debug|x86.ActiveCfg = Debug|Any CPU
		{3229A54F-7C63-4604-A6C2-FF886C7A8016}.Debug|x86.Build.0 = Debug|Any CPU
		{3229A54F-7C63-4604-A6C2-FF886C7A8016}.Release|Any CPU.ActiveCfg = Release|Any CPU
		{3229A54F-7C63-4604-A6C2-FF886C7A8016}.Release|Any CPU.Build.0 = Release|Any CPU
		{3229A54F-7C63-4604-A6C2-FF886C7A8016}.Release|x64.ActiveCfg = Release|Any CPU
		{3229A54F-7C63-4604-A6C2-FF886C7A8016}.Release|x64.Build.0 = Release|Any CPU
		{3229A54F-7C63-4604-A6C2-FF886C7A8016}.Release|x86.ActiveCfg = Release|Any CPU
		{3229A54F-7C63-4604-A6C2-FF886C7A8016}.Release|x86.Build.0 = Release|Any CPU
		{9F11FFA7-4DCA-4542-AB54-B9F0A79685DD}.Debug|Any CPU.ActiveCfg = Debug|Any CPU
		{9F11FFA7-4DCA-4542-AB54-B9F0A79685DD}.Debug|Any CPU.Build.0 = Debug|Any CPU
		{9F11FFA7-4DCA-4542-AB54-B9F0A79685DD}.Debug|x64.ActiveCfg = Debug|Any CPU
		{9F11FFA7-4DCA-4542-AB54-B9F0A79685DD}.Debug|x64.Build.0 = Debug|Any CPU
		{9F11FFA7-4DCA-4542-AB54-B9F0A79685DD}.Debug|x86.ActiveCfg = Debug|Any CPU
		{9F11FFA7-4DCA-4542-AB54-B9F0A79685DD}.Debug|x86.Build.0 = Debug|Any CPU
		{9F11FFA7-4DCA-4542-AB54-B9F0A79685DD}.Release|Any CPU.ActiveCfg = Release|Any CPU
		{9F11FFA7-4DCA-4542-AB54-B9F0A79685DD}.Release|Any CPU.Build.0 = Release|Any CPU
		{9F11FFA7-4DCA-4542-AB54-B9F0A79685DD}.Release|x64.ActiveCfg = Release|Any CPU
		{9F11FFA7-4DCA-4542-AB54-B9F0A79685DD}.Release|x64.Build.0 = Release|Any CPU
		{9F11FFA7-4DCA-4542-AB54-B9F0A79685DD}.Release|x86.ActiveCfg = Release|Any CPU
		{9F11FFA7-4DCA-4542-AB54-B9F0A79685DD}.Release|x86.Build.0 = Release|Any CPU
		{9520C91D-FD68-473A-82D9-4A3DD8515FA1}.Debug|Any CPU.ActiveCfg = Debug|Any CPU
		{9520C91D-FD68-473A-82D9-4A3DD8515FA1}.Debug|Any CPU.Build.0 = Debug|Any CPU
		{9520C91D-FD68-473A-82D9-4A3DD8515FA1}.Debug|x64.ActiveCfg = Debug|Any CPU
		{9520C91D-FD68-473A-82D9-4A3DD8515FA1}.Debug|x64.Build.0 = Debug|Any CPU
		{9520C91D-FD68-473A-82D9-4A3DD8515FA1}.Debug|x86.ActiveCfg = Debug|Any CPU
		{9520C91D-FD68-473A-82D9-4A3DD8515FA1}.Debug|x86.Build.0 = Debug|Any CPU
		{9520C91D-FD68-473A-82D9-4A3DD8515FA1}.Release|Any CPU.ActiveCfg = Release|Any CPU
		{9520C91D-FD68-473A-82D9-4A3DD8515FA1}.Release|Any CPU.Build.0 = Release|Any CPU
		{9520C91D-FD68-473A-82D9-4A3DD8515FA1}.Release|x64.ActiveCfg = Release|Any CPU
		{9520C91D-FD68-473A-82D9-4A3DD8515FA1}.Release|x64.Build.0 = Release|Any CPU
		{9520C91D-FD68-473A-82D9-4A3DD8515FA1}.Release|x86.ActiveCfg = Release|Any CPU
		{9520C91D-FD68-473A-82D9-4A3DD8515FA1}.Release|x86.Build.0 = Release|Any CPU
		{DA9AFAE0-FE85-4E14-A439-A47CC8B8CF1E}.Debug|Any CPU.ActiveCfg = Debug|Any CPU
		{DA9AFAE0-FE85-4E14-A439-A47CC8B8CF1E}.Debug|Any CPU.Build.0 = Debug|Any CPU
		{DA9AFAE0-FE85-4E14-A439-A47CC8B8CF1E}.Debug|x64.ActiveCfg = Debug|Any CPU
		{DA9AFAE0-FE85-4E14-A439-A47CC8B8CF1E}.Debug|x64.Build.0 = Debug|Any CPU
		{DA9AFAE0-FE85-4E14-A439-A47CC8B8CF1E}.Debug|x86.ActiveCfg = Debug|Any CPU
		{DA9AFAE0-FE85-4E14-A439-A47CC8B8CF1E}.Debug|x86.Build.0 = Debug|Any CPU
		{DA9AFAE0-FE85-4E14-A439-A47CC8B8CF1E}.Release|Any CPU.ActiveCfg = Release|Any CPU
		{DA9AFAE0-FE85-4E14-A439-A47CC8B8CF1E}.Release|Any CPU.Build.0 = Release|Any CPU
		{DA9AFAE0-FE85-4E14-A439-A47CC8B8CF1E}.Release|x64.ActiveCfg = Release|Any CPU
		{DA9AFAE0-FE85-4E14-A439-A47CC8B8CF1E}.Release|x64.Build.0 = Release|Any CPU
		{DA9AFAE0-FE85-4E14-A439-A47CC8B8CF1E}.Release|x86.ActiveCfg = Release|Any CPU
		{DA9AFAE0-FE85-4E14-A439-A47CC8B8CF1E}.Release|x86.Build.0 = Release|Any CPU
		{BDD6AB82-13B3-4EC1-9EBB-4421D9C0DE87}.Debug|Any CPU.ActiveCfg = Debug|Any CPU
		{BDD6AB82-13B3-4EC1-9EBB-4421D9C0DE87}.Debug|Any CPU.Build.0 = Debug|Any CPU
		{BDD6AB82-13B3-4EC1-9EBB-4421D9C0DE87}.Debug|x64.ActiveCfg = Debug|Any CPU
		{BDD6AB82-13B3-4EC1-9EBB-4421D9C0DE87}.Debug|x64.Build.0 = Debug|Any CPU
		{BDD6AB82-13B3-4EC1-9EBB-4421D9C0DE87}.Debug|x86.ActiveCfg = Debug|Any CPU
		{BDD6AB82-13B3-4EC1-9EBB-4421D9C0DE87}.Debug|x86.Build.0 = Debug|Any CPU
		{BDD6AB82-13B3-4EC1-9EBB-4421D9C0DE87}.Release|Any CPU.ActiveCfg = Release|Any CPU
		{BDD6AB82-13B3-4EC1-9EBB-4421D9C0DE87}.Release|Any CPU.Build.0 = Release|Any CPU
		{BDD6AB82-13B3-4EC1-9EBB-4421D9C0DE87}.Release|x64.ActiveCfg = Release|Any CPU
		{BDD6AB82-13B3-4EC1-9EBB-4421D9C0DE87}.Release|x64.Build.0 = Release|Any CPU
		{BDD6AB82-13B3-4EC1-9EBB-4421D9C0DE87}.Release|x86.ActiveCfg = Release|Any CPU
		{BDD6AB82-13B3-4EC1-9EBB-4421D9C0DE87}.Release|x86.Build.0 = Release|Any CPU
		{5E2217E3-EA6E-46CE-9081-FD6FFE1D46C4}.Debug|Any CPU.ActiveCfg = Debug|Any CPU
		{5E2217E3-EA6E-46CE-9081-FD6FFE1D46C4}.Debug|Any CPU.Build.0 = Debug|Any CPU
		{5E2217E3-EA6E-46CE-9081-FD6FFE1D46C4}.Debug|x64.ActiveCfg = Debug|Any CPU
		{5E2217E3-EA6E-46CE-9081-FD6FFE1D46C4}.Debug|x64.Build.0 = Debug|Any CPU
		{5E2217E3-EA6E-46CE-9081-FD6FFE1D46C4}.Debug|x86.ActiveCfg = Debug|Any CPU
		{5E2217E3-EA6E-46CE-9081-FD6FFE1D46C4}.Debug|x86.Build.0 = Debug|Any CPU
		{5E2217E3-EA6E-46CE-9081-FD6FFE1D46C4}.Release|Any CPU.ActiveCfg = Release|Any CPU
		{5E2217E3-EA6E-46CE-9081-FD6FFE1D46C4}.Release|Any CPU.Build.0 = Release|Any CPU
		{5E2217E3-EA6E-46CE-9081-FD6FFE1D46C4}.Release|x64.ActiveCfg = Release|Any CPU
		{5E2217E3-EA6E-46CE-9081-FD6FFE1D46C4}.Release|x64.Build.0 = Release|Any CPU
		{5E2217E3-EA6E-46CE-9081-FD6FFE1D46C4}.Release|x86.ActiveCfg = Release|Any CPU
		{5E2217E3-EA6E-46CE-9081-FD6FFE1D46C4}.Release|x86.Build.0 = Release|Any CPU
		{3F19A53D-A27A-4A5C-90C1-D1173FF1454D}.Debug|Any CPU.ActiveCfg = Debug|Any CPU
		{3F19A53D-A27A-4A5C-90C1-D1173FF1454D}.Debug|Any CPU.Build.0 = Debug|Any CPU
		{3F19A53D-A27A-4A5C-90C1-D1173FF1454D}.Debug|x64.ActiveCfg = Debug|Any CPU
		{3F19A53D-A27A-4A5C-90C1-D1173FF1454D}.Debug|x64.Build.0 = Debug|Any CPU
		{3F19A53D-A27A-4A5C-90C1-D1173FF1454D}.Debug|x86.ActiveCfg = Debug|Any CPU
		{3F19A53D-A27A-4A5C-90C1-D1173FF1454D}.Debug|x86.Build.0 = Debug|Any CPU
		{3F19A53D-A27A-4A5C-90C1-D1173FF1454D}.Release|Any CPU.ActiveCfg = Release|Any CPU
		{3F19A53D-A27A-4A5C-90C1-D1173FF1454D}.Release|Any CPU.Build.0 = Release|Any CPU
		{3F19A53D-A27A-4A5C-90C1-D1173FF1454D}.Release|x64.ActiveCfg = Release|Any CPU
		{3F19A53D-A27A-4A5C-90C1-D1173FF1454D}.Release|x64.Build.0 = Release|Any CPU
		{3F19A53D-A27A-4A5C-90C1-D1173FF1454D}.Release|x86.ActiveCfg = Release|Any CPU
		{3F19A53D-A27A-4A5C-90C1-D1173FF1454D}.Release|x86.Build.0 = Release|Any CPU
		{2A080472-A380-45BB-A713-5BB266387465}.Debug|Any CPU.ActiveCfg = Debug|Any CPU
		{2A080472-A380-45BB-A713-5BB266387465}.Debug|Any CPU.Build.0 = Debug|Any CPU
		{2A080472-A380-45BB-A713-5BB266387465}.Debug|x64.ActiveCfg = Debug|Any CPU
		{2A080472-A380-45BB-A713-5BB266387465}.Debug|x64.Build.0 = Debug|Any CPU
		{2A080472-A380-45BB-A713-5BB266387465}.Debug|x86.ActiveCfg = Debug|Any CPU
		{2A080472-A380-45BB-A713-5BB266387465}.Debug|x86.Build.0 = Debug|Any CPU
		{2A080472-A380-45BB-A713-5BB266387465}.Release|Any CPU.ActiveCfg = Release|Any CPU
		{2A080472-A380-45BB-A713-5BB266387465}.Release|Any CPU.Build.0 = Release|Any CPU
		{2A080472-A380-45BB-A713-5BB266387465}.Release|x64.ActiveCfg = Release|Any CPU
		{2A080472-A380-45BB-A713-5BB266387465}.Release|x64.Build.0 = Release|Any CPU
		{2A080472-A380-45BB-A713-5BB266387465}.Release|x86.ActiveCfg = Release|Any CPU
		{2A080472-A380-45BB-A713-5BB266387465}.Release|x86.Build.0 = Release|Any CPU
		{D06D301F-A719-4D76-ABDC-EB42FAE9B2CF}.Debug|Any CPU.ActiveCfg = Debug|Any CPU
		{D06D301F-A719-4D76-ABDC-EB42FAE9B2CF}.Debug|Any CPU.Build.0 = Debug|Any CPU
		{D06D301F-A719-4D76-ABDC-EB42FAE9B2CF}.Debug|x64.ActiveCfg = Debug|Any CPU
		{D06D301F-A719-4D76-ABDC-EB42FAE9B2CF}.Debug|x64.Build.0 = Debug|Any CPU
		{D06D301F-A719-4D76-ABDC-EB42FAE9B2CF}.Debug|x86.ActiveCfg = Debug|Any CPU
		{D06D301F-A719-4D76-ABDC-EB42FAE9B2CF}.Debug|x86.Build.0 = Debug|Any CPU
		{D06D301F-A719-4D76-ABDC-EB42FAE9B2CF}.Release|Any CPU.ActiveCfg = Release|Any CPU
		{D06D301F-A719-4D76-ABDC-EB42FAE9B2CF}.Release|Any CPU.Build.0 = Release|Any CPU
		{D06D301F-A719-4D76-ABDC-EB42FAE9B2CF}.Release|x64.ActiveCfg = Release|Any CPU
		{D06D301F-A719-4D76-ABDC-EB42FAE9B2CF}.Release|x64.Build.0 = Release|Any CPU
		{D06D301F-A719-4D76-ABDC-EB42FAE9B2CF}.Release|x86.ActiveCfg = Release|Any CPU
		{D06D301F-A719-4D76-ABDC-EB42FAE9B2CF}.Release|x86.Build.0 = Release|Any CPU
	EndGlobalSection
	GlobalSection(SolutionProperties) = preSolution
		HideSolutionNode = FALSE
	EndGlobalSection
	GlobalSection(NestedProjects) = preSolution
		{8D626EA8-CB54-BC41-363A-217881BEBA6E} = {827E0CD3-B72D-47B6-A68D-7590B98EB39B}
		{3229A54F-7C63-4604-A6C2-FF886C7A8016} = {8D626EA8-CB54-BC41-363A-217881BEBA6E}
		{22BAF98C-8415-17C4-B26A-D537657BC863} = {827E0CD3-B72D-47B6-A68D-7590B98EB39B}
		{9F11FFA7-4DCA-4542-AB54-B9F0A79685DD} = {22BAF98C-8415-17C4-B26A-D537657BC863}
		{9048EB7F-3875-A59E-E36B-5BD4C6F2A282} = {827E0CD3-B72D-47B6-A68D-7590B98EB39B}
		{9520C91D-FD68-473A-82D9-4A3DD8515FA1} = {9048EB7F-3875-A59E-E36B-5BD4C6F2A282}
		{12958DD6-AD59-4622-EA40-01B71B361BC8} = {827E0CD3-B72D-47B6-A68D-7590B98EB39B}
		{DA9AFAE0-FE85-4E14-A439-A47CC8B8CF1E} = {12958DD6-AD59-4622-EA40-01B71B361BC8}
		{BDD6AB82-13B3-4EC1-9EBB-4421D9C0DE87} = {12958DD6-AD59-4622-EA40-01B71B361BC8}
		{6996BBF7-DB31-59BC-C7DD-9A7CCC6138C4} = {827E0CD3-B72D-47B6-A68D-7590B98EB39B}
		{5E2217E3-EA6E-46CE-9081-FD6FFE1D46C4} = {6996BBF7-DB31-59BC-C7DD-9A7CCC6138C4}
		{3F19A53D-A27A-4A5C-90C1-D1173FF1454D} = {0AB3BF05-4346-4AA6-1389-037BE0695223}
		{2A080472-A380-45BB-A713-5BB266387465} = {0AB3BF05-4346-4AA6-1389-037BE0695223}
		{D06D301F-A719-4D76-ABDC-EB42FAE9B2CF} = {0AB3BF05-4346-4AA6-1389-037BE0695223}
	EndGlobalSection
EndGlobal
